
Microsoft Visual Studio Solution File, Format Version 12.00
# Visual Studio 2012
Project("{FAE04EC0-301F-11D3-BF4B-00C04F79EFBC}") = "netCore_MVC_Third", "netCore_MVC_Third\netCore_MVC_Third.csproj", "{4FEEC2D2-BD81-4AD9-8FE9-54512149A204}"
EndProject
Project("{FAE04EC0-301F-11D3-BF4B-00C04F79EFBC}") = "netCore_MVC_Third.Tests", "netCore_MVC_Third.Tests\netCore_MVC_Third.Tests.csproj", "{1C443CD2-8CF9-48E7-8DF3-BDB91A5F8BD8}"
EndProject
Global
	GlobalSection(SolutionConfigurationPlatforms) = preSolution
		Debug|Any CPU = Debug|Any CPU
		Release|Any CPU = Release|Any CPU
	EndGlobalSection
	GlobalSection(ProjectConfigurationPlatforms) = postSolution
		{4FEEC2D2-BD81-4AD9-8FE9-54512149A204}.Debug|Any CPU.ActiveCfg = Debug|Any CPU
		{4FEEC2D2-BD81-4AD9-8FE9-54512149A204}.Debug|Any CPU.Build.0 = Debug|Any CPU
		{4FEEC2D2-BD81-4AD9-8FE9-54512149A204}.Release|Any CPU.ActiveCfg = Release|Any CPU
		{4FEEC2D2-BD81-4AD9-8FE9-54512149A204}.Release|Any CPU.Build.0 = Release|Any CPU
		{1C443CD2-8CF9-48E7-8DF3-BDB91A5F8BD8}.Debug|Any CPU.ActiveCfg = Debug|Any CPU
		{1C443CD2-8CF9-48E7-8DF3-BDB91A5F8BD8}.Debug|Any CPU.Build.0 = Debug|Any CPU
		{1C443CD2-8CF9-48E7-8DF3-BDB91A5F8BD8}.Release|Any CPU.ActiveCfg = Release|Any CPU
		{1C443CD2-8CF9-48E7-8DF3-BDB91A5F8BD8}.Release|Any CPU.Build.0 = Release|Any CPU
	EndGlobalSection
EndGlobal
